
Microsoft Visual Studio Solution File, Format Version 12.00
# Visual Studio Version 17
VisualStudioVersion = 17.8.34525.116
MinimumVisualStudioVersion = 10.0.40219.1
Project("{FAE04EC0-301F-11D3-BF4B-00C04F79EFBC}") = "Workaroundd", "Workaroundd\Workaroundd.csproj", "{367A30C0-7354-4DB9-B185-3B72840EF802}"
EndProject
Project("{FAE04EC0-301F-11D3-BF4B-00C04F79EFBC}") = "Entities", "Entities\Entities.csproj", "{D4771C13-2B19-4BA5-9B89-8412164F7DC0}"
EndProject
Project("{FAE04EC0-301F-11D3-BF4B-00C04F79EFBC}") = "Business", "Business\Business.csproj", "{CE253422-3AC2-4DED-8CAB-30B52E4DADF9}"
EndProject
Global
	GlobalSection(SolutionConfigurationPlatforms) = preSolution
		Debug|Any CPU = Debug|Any CPU
		Release|Any CPU = Release|Any CPU
	EndGlobalSection
	GlobalSection(ProjectConfigurationPlatforms) = postSolution
		{367A30C0-7354-4DB9-B185-3B72840EF802}.Debug|Any CPU.ActiveCfg = Debug|Any CPU
		{367A30C0-7354-4DB9-B185-3B72840EF802}.Debug|Any CPU.Build.0 = Debug|Any CPU
		{367A30C0-7354-4DB9-B185-3B72840EF802}.Release|Any CPU.ActiveCfg = Release|Any CPU
		{367A30C0-7354-4DB9-B185-3B72840EF802}.Release|Any CPU.Build.0 = Release|Any CPU
		{D4771C13-2B19-4BA5-9B89-8412164F7DC0}.Debug|Any CPU.ActiveCfg = Debug|Any CPU
		{D4771C13-2B19-4BA5-9B89-8412164F7DC0}.Debug|Any CPU.Build.0 = Debug|Any CPU
		{D4771C13-2B19-4BA5-9B89-8412164F7DC0}.Release|Any CPU.ActiveCfg = Release|Any CPU
		{D4771C13-2B19-4BA5-9B89-8412164F7DC0}.Release|Any CPU.Build.0 = Release|Any CPU
		{CE253422-3AC2-4DED-8CAB-30B52E4DADF9}.Debug|Any CPU.ActiveCfg = Debug|Any CPU
		{CE253422-3AC2-4DED-8CAB-30B52E4DADF9}.Debug|Any CPU.Build.0 = Debug|Any CPU
		{CE253422-3AC2-4DED-8CAB-30B52E4DADF9}.Release|Any CPU.ActiveCfg = Release|Any CPU
		{CE253422-3AC2-4DED-8CAB-30B52E4DADF9}.Release|Any CPU.Build.0 = Release|Any CPU
	EndGlobalSection
	GlobalSection(SolutionProperties) = preSolution
		HideSolutionNode = FALSE
	EndGlobalSection
	GlobalSection(ExtensibilityGlobals) = postSolution
		SolutionGuid = {A16D3C2A-E526-4BEB-917F-272FFA363453}
	EndGlobalSection
EndGlobal
